{
  "name": "planetary-computer-teams-background",
  "lockfileVersion": 3,
  "requires": true,
  "packages": {
    "": {
      "name": "planetary-computer-teams-background",
      "dependencies": {
        "@github/copilot-sdk": "latest"
      }
    },
    "node_modules/@github/copilot": {
      "version": "1.0.17",
      "resolved": "https://registry.npmjs.org/@github/copilot/-/copilot-1.0.17.tgz",
      "integrity": "sha512-RTJ+kEKOdidjuOs8ozsoBdz+94g7tFJIEu5kz1P2iwJhsL+iIA5rtn9/jXOF0hAI3CLSXKZoSd66cqHrn4rb1A==",
      "license": "SEE LICENSE IN LICENSE.md",
      "bin": {
        "copilot": "npm-loader.js"
      },
      "optionalDependencies": {
        "@github/copilot-darwin-arm64": "1.0.17",
        "@github/copilot-darwin-x64": "1.0.17",
        "@github/copilot-linux-arm64": "1.0.17",
        "@github/copilot-linux-x64": "1.0.17",
        "@github/copilot-win32-arm64": "1.0.17",
        "@github/copilot-win32-x64": "1.0.17"
      }
    },
    "node_modules/@github/copilot-darwin-arm64": {
      "version": "1.0.17",
      "resolved": "https://registry.npmjs.org/@github/copilot-darwin-arm64/-/copilot-darwin-arm64-1.0.17.tgz",
      "integrity": "sha512-LSv66P8611y/UjTESnaHLYqLl9kA9yBYsaocZPQoOsvMgCmktgaBgUWq+KMpLMicaFN0jBAE5F0Ve7dW6N9X3A==",
      "cpu": [
        "arm64"
      ],
      "license": "SEE LICENSE IN LICENSE.md",
      "optional": true,
      "os": [
        "darwin"
      ],
      "bin": {
        "copilot-darwin-arm64": "copilot"
      }
    },
    "node_modules/@github/copilot-darwin-x64": {
      "version": "1.0.17",
      "resolved": "https://registry.npmjs.org/@github/copilot-darwin-x64/-/copilot-darwin-x64-1.0.17.tgz",
      "integrity": "sha512-yqRS0/8kYTGl4VvfJ/QOtHTeYF+DnAWNUReZgt2U0AEP3zgj4z4hxSH7D2PsO/488L4KsBmmcnJr13HmBGiT/w==",
      "cpu": [
        "x64"
      ],
      "license": "SEE LICENSE IN LICENSE.md",
      "optional": true,
      "os": [
        "darwin"
      ],
      "bin": {
        "copilot-darwin-x64": "copilot"
      }
    },
    "node_modules/@github/copilot-linux-arm64": {
      "version": "1.0.17",
      "resolved": "https://registry.npmjs.org/@github/copilot-linux-arm64/-/copilot-linux-arm64-1.0.17.tgz",
      "integrity": "sha512-TOK0ma0A24zmQJslkGxUk+KnMFpiqquWEXB5sIv/5Ci45Qi7s0BRWTnqtiJ8Vahwb/wkja6KarHkLA27+ETGUA==",
      "cpu": [
        "arm64"
      ],
      "license": "SEE LICENSE IN LICENSE.md",
      "optional": true,
      "os": [
        "linux"
      ],
      "bin": {
        "copilot-linux-arm64": "copilot"
      }
    },
    "node_modules/@github/copilot-linux-x64": {
      "version": "1.0.17",
      "resolved": "https://registry.npmjs.org/@github/copilot-linux-x64/-/copilot-linux-x64-1.0.17.tgz",
      "integrity": "sha512-4Yum3uaAuTM/SiNtzchsO/G/144Bi/Z4FEcearW6WsGDvS6cRwSJeudOM0y4aoy4BHcv8+yw7YuXH5BHC3SAiA==",
      "cpu": [
        "x64"
      ],
      "license": "SEE LICENSE IN LICENSE.md",
      "optional": true,
      "os": [
        "linux"
      ],
      "bin": {
        "copilot-linux-x64": "copilot"
      }
    },
    "node_modules/@github/copilot-sdk": {
      "version": "0.2.1",
      "resolved": "https://registry.npmjs.org/@github/copilot-sdk/-/copilot-sdk-0.2.1.tgz",
      "integrity": "sha512-S1n/4X1viqbSAWcHDZcFyZ/7hgTLAXr3NY7yNmHoX/CL4LTuYIJ6y5w2jrqUnrJNQgtNrMDSFGwFU+H1GeynFw==",
      "license": "MIT",
      "dependencies": {
        "@github/copilot": "^1.0.17",
        "vscode-jsonrpc": "^8.2.1",
        "zod": "^4.3.6"
      },
      "engines": {
        "node": ">=20.0.0"
      }
    },
    "node_modules/@github/copilot-win32-arm64": {
      "version": "1.0.17",
      "resolved": "https://registry.npmjs.org/@github/copilot-win32-arm64/-/copilot-win32-arm64-1.0.17.tgz",
      "integrity": "sha512-I1ferbfQ0aS149WyEUw6XS1sFixwTUUm13BPBQ3yMzD8G2SaoxTsdYdlhZpkVfkfh/rUYyvMKKi9VNxoVYOlDA==",
      "cpu": [
        "arm64"
      ],
      "license": "SEE LICENSE IN LICENSE.md",
      "optional": true,
      "os": [
        "win32"
      ],
      "bin": {
        "copilot-win32-arm64": "copilot.exe"
      }
    },
    "node_modules/@github/copilot-win32-x64": {
      "version": "1.0.17",
      "resolved": "https://registry.npmjs.org/@github/copilot-win32-x64/-/copilot-win32-x64-1.0.17.tgz",
      "integrity": "sha512-kjiOxY9ibS+rPp9XFpPdfdYzluEL3SHN8R5/fnA7RO+kZEJ4FDKWJjAiec3tgVkEHQT3UwNuVa/u3TdfYNF15w==",
      "cpu": [
        "x64"
      ],
      "license": "SEE LICENSE IN LICENSE.md",
      "optional": true,
      "os": [
        "win32"
      ],
      "bin": {
        "copilot-win32-x64": "copilot.exe"
      }
    },
    "node_modules/vscode-jsonrpc": {
      "version": "8.2.1",
      "resolved": "https://registry.npmjs.org/vscode-jsonrpc/-/vscode-jsonrpc-8.2.1.tgz",
      "integrity": "sha512-kdjOSJ2lLIn7r1rtrMbbNCHjyMPfRnowdKjBQ+mGq6NAW5QY2bEZC/khaC5OR8svbbjvLEaIXkOq45e2X9BIbQ==",
      "license": "MIT",
      "engines": {
        "node": ">=14.0.0"
      }
    },
    "node_modules/zod": {
      "version": "4.3.6",
      "resolved": "https://registry.npmjs.org/zod/-/zod-4.3.6.tgz",
      "integrity": "sha512-rftlrkhHZOcjDwkGlnUtZZkvaPHCsDATp4pGpuOOMDaTdDDXF91wuVDJoWoPsKX/3YPQ5fHuF3STjcYyKr+Qhg==",
      "license": "MIT",
      "funding": {
        "url": "https://github.com/sponsors/colinhacks"
      }
    }
  }
}
